// !$*UTF8*$!
{
	archiveVersion = 1;
	classes = {
	};
	objectVersion = 50;
	objects = {

/* Begin PBXBuildFile section */
		4C0DB9B821AE4EDF00289EB9 /* Charts.framework in Frameworks */ = {isa = PBXBuildFile; fileRef = 4C0DB9B521AE4EC300289EB9 /* Charts.framework */; };
		4C0DB9B921AE4EDF00289EB9 /* Charts.framework in Embed Frameworks */ = {isa = PBXBuildFile; fileRef = 4C0DB9B521AE4EC300289EB9 /* Charts.framework */; settings = {ATTRIBUTES = (CodeSignOnCopy, RemoveHeadersOnCopy, ); }; };
		4C0DB9BD21AE693800289EB9 /* CoreDataManager.swift in Sources */ = {isa = PBXBuildFile; fileRef = 4C0DB9BC21AE693800289EB9 /* CoreDataManager.swift */; };
		4C0DB9C021AE69D600289EB9 /* Model.xcdatamodeld in Sources */ = {isa = PBXBuildFile; fileRef = 4C0DB9BE21AE69D600289EB9 /* Model.xcdatamodeld */; };
		67130E4921AC3ED9000583BC /* AddViewController.swift in Sources */ = {isa = PBXBuildFile; fileRef = 67130E4821AC3ED9000583BC /* AddViewController.swift */; };
		67130E4B21ACCE90000583BC /* DoneViewController.swift in Sources */ = {isa = PBXBuildFile; fileRef = 67130E4A21ACCE90000583BC /* DoneViewController.swift */; };
		67130E5D21AD41E9000583BC /* StaticsViewController.swift in Sources */ = {isa = PBXBuildFile; fileRef = 67130E5C21AD41E9000583BC /* StaticsViewController.swift */; };
		67130E5F21AD7314000583BC /* ModifyViewController.swift in Sources */ = {isa = PBXBuildFile; fileRef = 67130E5E21AD7314000583BC /* ModifyViewController.swift */; };
		67380C3121AB880000288291 /* AppDelegate.swift in Sources */ = {isa = PBXBuildFile; fileRef = 67380C3021AB880000288291 /* AppDelegate.swift */; };
		67380C3321AB880000288291 /* ViewController.swift in Sources */ = {isa = PBXBuildFile; fileRef = 67380C3221AB880000288291 /* ViewController.swift */; };
		67380C3621AB880000288291 /* Main.storyboard in Resources */ = {isa = PBXBuildFile; fileRef = 67380C3421AB880000288291 /* Main.storyboard */; };
		67380C3821AB880100288291 /* Assets.xcassets in Resources */ = {isa = PBXBuildFile; fileRef = 67380C3721AB880100288291 /* Assets.xcassets */; };
		67380C3B21AB880100288291 /* LaunchScreen.storyboard in Resources */ = {isa = PBXBuildFile; fileRef = 67380C3921AB880100288291 /* LaunchScreen.storyboard */; };
		67380C4621AB880200288291 /* TodoListTests.swift in Sources */ = {isa = PBXBuildFile; fileRef = 67380C4521AB880200288291 /* TodoListTests.swift */; };
		67380C5121AB880200288291 /* TodoListUITests.swift in Sources */ = {isa = PBXBuildFile; fileRef = 67380C5021AB880200288291 /* TodoListUITests.swift */; };
		67380C5F21AB91FD00288291 /* TodoViewController.swift in Sources */ = {isa = PBXBuildFile; fileRef = 67380C5E21AB91FD00288291 /* TodoViewController.swift */; };
		67380C6A21ABC13100288291 /* NewCellTableViewCell.swift in Sources */ = {isa = PBXBuildFile; fileRef = 67380C6821ABC13100288291 /* NewCellTableViewCell.swift */; };
		67380C6B21ABC13100288291 /* NewCellTableViewCell.xib in Resources */ = {isa = PBXBuildFile; fileRef = 67380C6921ABC13100288291 /* NewCellTableViewCell.xib */; };
/* End PBXBuildFile section */

/* Begin PBXContainerItemProxy section */
		4C0DB9B421AE4EC300289EB9 /* PBXContainerItemProxy */ = {
			isa = PBXContainerItemProxy;
			containerPortal = 4C0DB9AF21AE4EC200289EB9 /* Charts.xcodeproj */;
			proxyType = 2;
			remoteGlobalIDString = 65AD9E95D9ED4DC0BD73A743;
			remoteInfo = Charts;
		};
		4C0DB9B621AE4EC300289EB9 /* PBXContainerItemProxy */ = {
			isa = PBXContainerItemProxy;
			containerPortal = 4C0DB9AF21AE4EC200289EB9 /* Charts.xcodeproj */;
			proxyType = 2;
			remoteGlobalIDString = 1CBBC58C6CE1EBEE9852CE41;
			remoteInfo = ChartsTests;
		};
		4C0DB9BA21AE4EDF00289EB9 /* PBXContainerItemProxy */ = {
			isa = PBXContainerItemProxy;
			containerPortal = 4C0DB9AF21AE4EC200289EB9 /* Charts.xcodeproj */;
			proxyType = 1;
			remoteGlobalIDString = A58A4ED274A941CA248EA921;
			remoteInfo = Charts;
		};
		67380C4221AB880200288291 /* PBXContainerItemProxy */ = {
			isa = PBXContainerItemProxy;
			containerPortal = 67380C2521AB880000288291 /* Project object */;
			proxyType = 1;
			remoteGlobalIDString = 67380C2C21AB880000288291;
			remoteInfo = TodoList;
		};
		67380C4D21AB880200288291 /* PBXContainerItemProxy */ = {
			isa = PBXContainerItemProxy;
			containerPortal = 67380C2521AB880000288291 /* Project object */;
			proxyType = 1;
			remoteGlobalIDString = 67380C2C21AB880000288291;
			remoteInfo = TodoList;
		};
/* End PBXContainerItemProxy section */

/* Begin PBXCopyFilesBuildPhase section */
		67130E5B21AD41AF000583BC /* Embed Frameworks */ = {
			isa = PBXCopyFilesBuildPhase;
			buildActionMask = 2147483647;
			dstPath = "";
			dstSubfolderSpec = 10;
			files = (
				4C0DB9B921AE4EDF00289EB9 /* Charts.framework in Embed Frameworks */,
			);
			name = "Embed Frameworks";
			runOnlyForDeploymentPostprocessing = 0;
		};
/* End PBXCopyFilesBuildPhase section */

/* Begin PBXFileReference section */
		4C0DB9AF21AE4EC200289EB9 /* Charts.xcodeproj */ = {isa = PBXFileReference; lastKnownFileType = "wrapper.pb-project"; name = Charts.xcodeproj; path = ../../Charts/Charts.xcodeproj; sourceTree = "<group>"; };
		4C0DB9BC21AE693800289EB9 /* CoreDataManager.swift */ = {isa = PBXFileReference; lastKnownFileType = sourcecode.swift; path = CoreDataManager.swift; sourceTree = "<group>"; };
		4C0DB9BF21AE69D600289EB9 /* Model.xcdatamodel */ = {isa = PBXFileReference; lastKnownFileType = wrapper.xcdatamodel; path = Model.xcdatamodel; sourceTree = "<group>"; };
		67130E4821AC3ED9000583BC /* AddViewController.swift */ = {isa = PBXFileReference; lastKnownFileType = sourcecode.swift; path = AddViewController.swift; sourceTree = "<group>"; };
		67130E4A21ACCE90000583BC /* DoneViewController.swift */ = {isa = PBXFileReference; lastKnownFileType = sourcecode.swift; path = DoneViewController.swift; sourceTree = "<group>"; };
		67130E5C21AD41E9000583BC /* StaticsViewController.swift */ = {isa = PBXFileReference; lastKnownFileType = sourcecode.swift; path = StaticsViewController.swift; sourceTree = "<group>"; };
		67130E5E21AD7314000583BC /* ModifyViewController.swift */ = {isa = PBXFileReference; lastKnownFileType = sourcecode.swift; path = ModifyViewController.swift; sourceTree = "<group>"; };
		67380C2D21AB880000288291 /* TodoList.app */ = {isa = PBXFileReference; explicitFileType = wrapper.application; includeInIndex = 0; path = TodoList.app; sourceTree = BUILT_PRODUCTS_DIR; };
		67380C3021AB880000288291 /* AppDelegate.swift */ = {isa = PBXFileReference; lastKnownFileType = sourcecode.swift; path = AppDelegate.swift; sourceTree = "<group>"; };
		67380C3221AB880000288291 /* ViewController.swift */ = {isa = PBXFileReference; lastKnownFileType = sourcecode.swift; path = ViewController.swift; sourceTree = "<group>"; };
		67380C3521AB880000288291 /* Base */ = {isa = PBXFileReference; lastKnownFileType = file.storyboard; name = Base; path = Base.lproj/Main.storyboard; sourceTree = "<group>"; };
		67380C3721AB880100288291 /* Assets.xcassets */ = {isa = PBXFileReference; lastKnownFileType = folder.assetcatalog; path = Assets.xcassets; sourceTree = "<group>"; };
		67380C3A21AB880100288291 /* Base */ = {isa = PBXFileReference; lastKnownFileType = file.storyboard; name = Base; path = Base.lproj/LaunchScreen.storyboard; sourceTree = "<group>"; };
		67380C3C21AB880100288291 /* Info.plist */ = {isa = PBXFileReference; lastKnownFileType = text.plist.xml; path = Info.plist; sourceTree = "<group>"; };
		67380C4121AB880100288291 /* TodoListTests.xctest */ = {isa = PBXFileReference; explicitFileType = wrapper.cfbundle; includeInIndex = 0; path = TodoListTests.xctest; sourceTree = BUILT_PRODUCTS_DIR; };
		67380C4521AB880200288291 /* TodoListTests.swift */ = {isa = PBXFileReference; lastKnownFileType = sourcecode.swift; path = TodoListTests.swift; sourceTree = "<group>"; };
		67380C4721AB880200288291 /* Info.plist */ = {isa = PBXFileReference; lastKnownFileType = text.plist.xml; path = Info.plist; sourceTree = "<group>"; };
		67380C4C21AB880200288291 /* TodoListUITests.xctest */ = {isa = PBXFileReference; explicitFileType = wrapper.cfbundle; includeInIndex = 0; path = TodoListUITests.xctest; sourceTree = BUILT_PRODUCTS_DIR; };
		67380C5021AB880200288291 /* TodoListUITests.swift */ = {isa = PBXFileReference; lastKnownFileType = sourcecode.swift; path = TodoListUITests.swift; sourceTree = "<group>"; };
		67380C5221AB880200288291 /* Info.plist */ = {isa = PBXFileReference; lastKnownFileType = text.plist.xml; path = Info.plist; sourceTree = "<group>"; };
		67380C5E21AB91FD00288291 /* TodoViewController.swift */ = {isa = PBXFileReference; lastKnownFileType = sourcecode.swift; path = TodoViewController.swift; sourceTree = "<group>"; };
		67380C6821ABC13100288291 /* NewCellTableViewCell.swift */ = {isa = PBXFileReference; lastKnownFileType = sourcecode.swift; path = NewCellTableViewCell.swift; sourceTree = "<group>"; };
		67380C6921ABC13100288291 /* NewCellTableViewCell.xib */ = {isa = PBXFileReference; lastKnownFileType = file.xib; path = NewCellTableViewCell.xib; sourceTree = "<group>"; };
/* End PBXFileReference section */

/* Begin PBXFrameworksBuildPhase section */
		67380C2A21AB880000288291 /* Frameworks */ = {
			isa = PBXFrameworksBuildPhase;
			buildActionMask = 2147483647;
			files = (
				4C0DB9B821AE4EDF00289EB9 /* Charts.framework in Frameworks */,
			);
			runOnlyForDeploymentPostprocessing = 0;
		};
		67380C3E21AB880100288291 /* Frameworks */ = {
			isa = PBXFrameworksBuildPhase;
			buildActionMask = 2147483647;
			files = (
			);
			runOnlyForDeploymentPostprocessing = 0;
		};
		67380C4921AB880200288291 /* Frameworks */ = {
			isa = PBXFrameworksBuildPhase;
			buildActionMask = 2147483647;
			files = (
			);
			runOnlyForDeploymentPostprocessing = 0;
		};
/* End PBXFrameworksBuildPhase section */

/* Begin PBXGroup section */
		4C0DB9B021AE4EC200289EB9 /* Products */ = {
			isa = PBXGroup;
			children = (
				4C0DB9B521AE4EC300289EB9 /* Charts.framework */,
				4C0DB9B721AE4EC300289EB9 /* ChartsTests.xctest */,
			);
			name = Products;
			sourceTree = "<group>";
		};
		67380C2421AB87FF00288291 = {
			isa = PBXGroup;
			children = (
				4C0DB9AF21AE4EC200289EB9 /* Charts.xcodeproj */,
				67380C2F21AB880000288291 /* TodoList */,
				67380C4421AB880200288291 /* TodoListTests */,
				67380C4F21AB880200288291 /* TodoListUITests */,
				67380C2E21AB880000288291 /* Products */,
			);
			sourceTree = "<group>";
		};
		67380C2E21AB880000288291 /* Products */ = {
			isa = PBXGroup;
			children = (
				67380C2D21AB880000288291 /* TodoList.app */,
				67380C4121AB880100288291 /* TodoListTests.xctest */,
				67380C4C21AB880200288291 /* TodoListUITests.xctest */,
			);
			name = Products;
			sourceTree = "<group>";
		};
		67380C2F21AB880000288291 /* TodoList */ = {
			isa = PBXGroup;
			children = (
				67380C3021AB880000288291 /* AppDelegate.swift */,
				67380C3221AB880000288291 /* ViewController.swift */,
				67380C3421AB880000288291 /* Main.storyboard */,
				67380C3721AB880100288291 /* Assets.xcassets */,
				67380C3921AB880100288291 /* LaunchScreen.storyboard */,
				67380C3C21AB880100288291 /* Info.plist */,
				67380C5E21AB91FD00288291 /* TodoViewController.swift */,
				67380C6821ABC13100288291 /* NewCellTableViewCell.swift */,
				67380C6921ABC13100288291 /* NewCellTableViewCell.xib */,
				67130E4821AC3ED9000583BC /* AddViewController.swift */,
				67130E4A21ACCE90000583BC /* DoneViewController.swift */,
				67130E5C21AD41E9000583BC /* StaticsViewController.swift */,
				67130E5E21AD7314000583BC /* ModifyViewController.swift */,
				4C0DB9BC21AE693800289EB9 /* CoreDataManager.swift */,
				4C0DB9BE21AE69D600289EB9 /* Model.xcdatamodeld */,
			);
			path = TodoList;
			sourceTree = "<group>";
		};
		67380C4421AB880200288291 /* TodoListTests */ = {
			isa = PBXGroup;
			children = (
				67380C4521AB880200288291 /* TodoListTests.swift */,
				67380C4721AB880200288291 /* Info.plist */,
			);
			path = TodoListTests;
			sourceTree = "<group>";
		};
		67380C4F21AB880200288291 /* TodoListUITests */ = {
			isa = PBXGroup;
			children = (
				67380C5021AB880200288291 /* TodoListUITests.swift */,
				67380C5221AB880200288291 /* Info.plist */,
			);
			path = TodoListUITests;
			sourceTree = "<group>";
		};
/* End PBXGroup section */

/* Begin PBXNativeTarget section */
		67380C2C21AB880000288291 /* TodoList */ = {
			isa = PBXNativeTarget;
			buildConfigurationList = 67380C5521AB880200288291 /* Build configuration list for PBXNativeTarget "TodoList" */;
			buildPhases = (
				67380C2921AB880000288291 /* Sources */,
				67380C2A21AB880000288291 /* Frameworks */,
				67380C2B21AB880000288291 /* Resources */,
				67130E5B21AD41AF000583BC /* Embed Frameworks */,
			);
			buildRules = (
			);
			dependencies = (
				4C0DB9BB21AE4EDF00289EB9 /* PBXTargetDependency */,
			);
			name = TodoList;
			productName = TodoList;
			productReference = 67380C2D21AB880000288291 /* TodoList.app */;
			productType = "com.apple.product-type.application";
		};
		67380C4021AB880100288291 /* TodoListTests */ = {
			isa = PBXNativeTarget;
			buildConfigurationList = 67380C5821AB880200288291 /* Build configuration list for PBXNativeTarget "TodoListTests" */;
			buildPhases = (
				67380C3D21AB880100288291 /* Sources */,
				67380C3E21AB880100288291 /* Frameworks */,
				67380C3F21AB880100288291 /* Resources */,
			);
			buildRules = (
			);
			dependencies = (
				67380C4321AB880200288291 /* PBXTargetDependency */,
			);
			name = TodoListTests;
			productName = TodoListTests;
			productReference = 67380C4121AB880100288291 /* TodoListTests.xctest */;
			productType = "com.apple.product-type.bundle.unit-test";
		};
		67380C4B21AB880200288291 /* TodoListUITests */ = {
			isa = PBXNativeTarget;
			buildConfigurationList = 67380C5B21AB880200288291 /* Build configuration list for PBXNativeTarget "TodoListUITests" */;
			buildPhases = (
				67380C4821AB880200288291 /* Sources */,
				67380C4921AB880200288291 /* Frameworks */,
				67380C4A21AB880200288291 /* Resources */,
			);
			buildRules = (
			);
			dependencies = (
				67380C4E21AB880200288291 /* PBXTargetDependency */,
			);
			name = TodoListUITests;
			productName = TodoListUITests;
			productReference = 67380C4C21AB880200288291 /* TodoListUITests.xctest */;
			productType = "com.apple.product-type.bundle.ui-testing";
		};
/* End PBXNativeTarget section */

/* Begin PBXProject section */
		67380C2521AB880000288291 /* Project object */ = {
			isa = PBXProject;
			attributes = {
				LastSwiftUpdateCheck = 1010;
				LastUpgradeCheck = 1010;
				ORGANIZATIONNAME = com.gaofeng;
				TargetAttributes = {
					67380C2C21AB880000288291 = {
						CreatedOnToolsVersion = 10.1;
					};
					67380C4021AB880100288291 = {
						CreatedOnToolsVersion = 10.1;
						TestTargetID = 67380C2C21AB880000288291;
					};
					67380C4B21AB880200288291 = {
						CreatedOnToolsVersion = 10.1;
						TestTargetID = 67380C2C21AB880000288291;
					};
				};
			};
			buildConfigurationList = 67380C2821AB880000288291 /* Build configuration list for PBXProject "TodoList" */;
			compatibilityVersion = "Xcode 9.3";
			developmentRegion = en;
			hasScannedForEncodings = 0;
			knownRegions = (
				en,
				Base,
			);
			mainGroup = 67380C2421AB87FF00288291;
			productRefGroup = 67380C2E21AB880000288291 /* Products */;
			projectDirPath = "";
			projectReferences = (
				{
					ProductGroup = 4C0DB9B021AE4EC200289EB9 /* Products */;
					ProjectRef = 4C0DB9AF21AE4EC200289EB9 /* Charts.xcodeproj */;
				},
			);
			projectRoot = "";
			targets = (
				67380C2C21AB880000288291 /* TodoList */,
				67380C4021AB880100288291 /* TodoListTests */,
				67380C4B21AB880200288291 /* TodoListUITests */,
			);
		};
/* End PBXProject section */

/* Begin PBXReferenceProxy section */
		4C0DB9B521AE4EC300289EB9 /* Charts.framework */ = {
			isa = PBXReferenceProxy;
			fileType = wrapper.framework;
			path = Charts.framework;
			remoteRef = 4C0DB9B421AE4EC300289EB9 /* PBXContainerItemProxy */;
			sourceTree = BUILT_PRODUCTS_DIR;
		};
		4C0DB9B721AE4EC300289EB9 /* ChartsTests.xctest */ = {
			isa = PBXReferenceProxy;
			fileType = wrapper.cfbundle;
			path = ChartsTests.xctest;
			remoteRef = 4C0DB9B621AE4EC300289EB9 /* PBXContainerItemProxy */;
			sourceTree = BUILT_PRODUCTS_DIR;
		};
/* End PBXReferenceProxy section */

/* Begin PBXResourcesBuildPhase section */
		67380C2B21AB880000288291 /* Resources */ = {
			isa = PBXResourcesBuildPhase;
			buildActionMask = 2147483647;
			files = (
				67380C3B21AB880100288291 /* LaunchScreen.storyboard in Resources */,
				67380C3821AB880100288291 /* Assets.xcassets in Resources */,
				67380C6B21ABC13100288291 /* NewCellTableViewCell.xib in Resources */,
				67380C3621AB880000288291 /* Main.storyboard in Resources */,
			);
			runOnlyForDeploymentPostprocessing = 0;
		};
		67380C3F21AB880100288291 /* Resources */ = {
			isa = PBXResourcesBuildPhase;
			buildActionMask = 2147483647;
			files = (
			);
			runOnlyForDeploymentPostprocessing = 0;
		};
		67380C4A21AB880200288291 /* Resources */ = {
			isa = PBXResourcesBuildPhase;
			buildActionMask = 2147483647;
			files = (
			);
			runOnlyForDeploymentPostprocessing = 0;
		};
/* End PBXResourcesBuildPhase section */

/* Begin PBXSourcesBuildPhase section */
		67380C2921AB880000288291 /* Sources */ = {
			isa = PBXSourcesBuildPhase;
			buildActionMask = 2147483647;
			files = (
				67130E5D21AD41E9000583BC /* StaticsViewController.swift in Sources */,
				67130E4921AC3ED9000583BC /* AddViewController.swift in Sources */,
				67380C3321AB880000288291 /* ViewController.swift in Sources */,
				67380C5F21AB91FD00288291 /* TodoViewController.swift in Sources */,
				67380C6A21ABC13100288291 /* NewCellTableViewCell.swift in Sources */,
				67130E4B21ACCE90000583BC /* DoneViewController.swift in Sources */,
				67130E5F21AD7314000583BC /* ModifyViewController.swift in Sources */,
				4C0DB9BD21AE693800289EB9 /* CoreDataManager.swift in Sources */,
				4C0DB9C021AE69D600289EB9 /* Model.xcdatamodeld in Sources */,
				67380C3121AB880000288291 /* AppDelegate.swift in Sources */,
			);
			runOnlyForDeploymentPostprocessing = 0;
		};
		67380C3D21AB880100288291 /* Sources */ = {
			isa = PBXSourcesBuildPhase;
			buildActionMask = 2147483647;
			files = (
				67380C4621AB880200288291 /* TodoListTests.swift in Sources */,
			);
			runOnlyForDeploymentPostprocessing = 0;
		};
		67380C4821AB880200288291 /* Sources */ = {
			isa = PBXSourcesBuildPhase;
			buildActionMask = 2147483647;
			files = (
				67380C5121AB880200288291 /* TodoListUITests.swift in Sources */,
			);
			runOnlyForDeploymentPostprocessing = 0;
		};
/* End PBXSourcesBuildPhase section */

/* Begin PBXTargetDependency section */
		4C0DB9BB21AE4EDF00289EB9 /* PBXTargetDependency */ = {
			isa = PBXTargetDependency;
			name = Charts;
			targetProxy = 4C0DB9BA21AE4EDF00289EB9 /* PBXContainerItemProxy */;
		};
		67380C4321AB880200288291 /* PBXTargetDependency */ = {
			isa = PBXTargetDependency;
			target = 67380C2C21AB880000288291 /* TodoList */;
			targetProxy = 67380C4221AB880200288291 /* PBXContainerItemProxy */;
		};
		67380C4E21AB880200288291 /* PBXTargetDependency */ = {
			isa = PBXTargetDependency;
			target = 67380C2C21AB880000288291 /* TodoList */;
			targetProxy = 67380C4D21AB880200288291 /* PBXContainerItemProxy */;
		};
/* End PBXTargetDependency section */

/* Begin PBXVariantGroup section */
		67380C3421AB880000288291 /* Main.storyboard */ = {
			isa = PBXVariantGroup;
			children = (
				67380C3521AB880000288291 /* Base */,
			);
			name = Main.storyboard;
			sourceTree = "<group>";
		};
		67380C3921AB880100288291 /* LaunchScreen.storyboard */ = {
			isa = PBXVariantGroup;
			children = (
				67380C3A21AB880100288291 /* Base */,
			);
			name = LaunchScreen.storyboard;
			sourceTree = "<group>";
		};
/* End PBXVariantGroup section */

/* Begin XCBuildConfiguration section */
		67380C5321AB880200288291 /* Debug */ = {
			isa = XCBuildConfiguration;
			buildSettings = {
				ALWAYS_SEARCH_USER_PATHS = NO;
				CLANG_ANALYZER_NONNULL = YES;
				CLANG_ANALYZER_NUMBER_OBJECT_CONVERSION = YES_AGGRESSIVE;
				CLANG_CXX_LANGUAGE_STANDARD = "gnu++14";
				CLANG_CXX_LIBRARY = "libc++";
				CLANG_ENABLE_MODULES = YES;
				CLANG_ENABLE_OBJC_ARC = YES;
				CLANG_ENABLE_OBJC_WEAK = YES;
				CLANG_WARN_BLOCK_CAPTURE_AUTORELEASING = YES;
				CLANG_WARN_BOOL_CONVERSION = YES;
				CLANG_WARN_COMMA = YES;
				CLANG_WARN_CONSTANT_CONVERSION = YES;
				CLANG_WARN_DEPRECATED_OBJC_IMPLEMENTATIONS = YES;
				CLANG_WARN_DIRECT_OBJC_ISA_USAGE = YES_ERROR;
				CLANG_WARN_DOCUMENTATION_COMMENTS = YES;
				CLANG_WARN_EMPTY_BODY = YES;
				CLANG_WARN_ENUM_CONVERSION = YES;
				CLANG_WARN_INFINITE_RECURSION = YES;
				CLANG_WARN_INT_CONVERSION = YES;
				CLANG_WARN_NON_LITERAL_NULL_CONVERSION = YES;
				CLANG_WARN_OBJC_IMPLICIT_RETAIN_SELF = YES;
				CLANG_WARN_OBJC_LITERAL_CONVERSION = YES;
				CLANG_WARN_OBJC_ROOT_CLASS = YES_ERROR;
				CLANG_WARN_RANGE_LOOP_ANALYSIS = YES;
				CLANG_WARN_STRICT_PROTOTYPES = YES;
				CLANG_WARN_SUSPICIOUS_MOVE = YES;
				CLANG_WARN_UNGUARDED_AVAILABILITY = YES_AGGRESSIVE;
				CLANG_WARN_UNREACHABLE_CODE = YES;
				CLANG_WARN__DUPLICATE_METHOD_MATCH = YES;
				CODE_SIGN_IDENTITY = "iPhone Developer";
				COPY_PHASE_STRIP = NO;
				DEBUG_INFORMATION_FORMAT = dwarf;
				ENABLE_STRICT_OBJC_MSGSEND = YES;
				ENABLE_TESTABILITY = YES;
				GCC_C_LANGUAGE_STANDARD = gnu11;
				GCC_DYNAMIC_NO_PIC = NO;
				GCC_NO_COMMON_BLOCKS = YES;
				GCC_OPTIMIZATION_LEVEL = 0;
				GCC_PREPROCESSOR_DEFINITIONS = (
					"DEBUG=1",
					"$(inherited)",
				);
				GCC_WARN_64_TO_32_BIT_CONVERSION = YES;
				GCC_WARN_ABOUT_RETURN_TYPE = YES_ERROR;
				GCC_WARN_UNDECLARED_SELECTOR = YES;
				GCC_WARN_UNINITIALIZED_AUTOS = YES_AGGRESSIVE;
				GCC_WARN_UNUSED_FUNCTION = YES;
				GCC_WARN_UNUSED_VARIABLE = YES;
				IPHONEOS_DEPLOYMENT_TARGET = 12.1;
				MTL_ENABLE_DEBUG_INFO = INCLUDE_SOURCE;
				MTL_FAST_MATH = YES;
				ONLY_ACTIVE_ARCH = YES;
				SDKROOT = iphoneos;
				SWIFT_ACTIVE_COMPILATION_CONDITIONS = DEBUG;
				SWIFT_OPTIMIZATION_LEVEL = "-Onone";
			};
			name = Debug;
		};
		67380C5421AB880200288291 /* Release */ = {
			isa = XCBuildConfiguration;
			buildSettings = {
				ALWAYS_SEARCH_USER_PATHS = NO;
				CLANG_ANALYZER_NONNULL = YES;
				CLANG_ANALYZER_NUMBER_OBJECT_CONVERSION = YES_AGGRESSIVE;
				CLANG_CXX_LANGUAGE_STANDARD = "gnu++14";
				CLANG_CXX_LIBRARY = "libc++";
				CLANG_ENABLE_MODULES = YES;
				CLANG_ENABLE_OBJC_ARC = YES;
				CLANG_ENABLE_OBJC_WEAK = YES;
				CLANG_WARN_BLOCK_CAPTURE_AUTORELEASING = YES;
				CLANG_WARN_BOOL_CONVERSION = YES;
				CLANG_WARN_COMMA = YES;
				CLANG_WARN_CONSTANT_CONVERSION = YES;
				CLANG_WARN_DEPRECATED_OBJC_IMPLEMENTATIONS = YES;
				CLANG_WARN_DIRECT_OBJC_ISA_USAGE = YES_ERROR;
				CLANG_WARN_DOCUMENTATION_COMMENTS = YES;
				CLANG_WARN_EMPTY_BODY = YES;
				CLANG_WARN_ENUM_CONVERSION = YES;
				CLANG_WARN_INFINITE_RECURSION = YES;
				CLANG_WARN_INT_CONVERSION = YES;
				CLANG_WARN_NON_LITERAL_NULL_CONVERSION = YES;
				CLANG_WARN_OBJC_IMPLICIT_RETAIN_SELF = YES;
				CLANG_WARN_OBJC_LITERAL_CONVERSION = YES;
				CLANG_WARN_OBJC_ROOT_CLASS = YES_ERROR;
				CLANG_WARN_RANGE_LOOP_ANALYSIS = YES;
				CLANG_WARN_STRICT_PROTOTYPES = YES;
				CLANG_WARN_SUSPICIOUS_MOVE = YES;
				CLANG_WARN_UNGUARDED_AVAILABILITY = YES_AGGRESSIVE;
				CLANG_WARN_UNREACHABLE_CODE = YES;
				CLANG_WARN__DUPLICATE_METHOD_MATCH = YES;
				CODE_SIGN_IDENTITY = "iPhone Developer";
				COPY_PHASE_STRIP = NO;
				DEBUG_INFORMATION_FORMAT = "dwarf-with-dsym";
				ENABLE_NS_ASSERTIONS = NO;
				ENABLE_STRICT_OBJC_MSGSEND = YES;
				GCC_C_LANGUAGE_STANDARD = gnu11;
				GCC_NO_COMMON_BLOCKS = YES;
				GCC_WARN_64_TO_32_BIT_CONVERSION = YES;
				GCC_WARN_ABOUT_RETURN_TYPE = YES_ERROR;
				GCC_WARN_UNDECLARED_SELECTOR = YES;
				GCC_WARN_UNINITIALIZED_AUTOS = YES_AGGRESSIVE;
				GCC_WARN_UNUSED_FUNCTION = YES;
				GCC_WARN_UNUSED_VARIABLE = YES;
				IPHONEOS_DEPLOYMENT_TARGET = 12.1;
				MTL_ENABLE_DEBUG_INFO = NO;
				MTL_FAST_MATH = YES;
				SDKROOT = iphoneos;
				SWIFT_COMPILATION_MODE = wholemodule;
				SWIFT_OPTIMIZATION_LEVEL = "-O";
				VALIDATE_PRODUCT = YES;
			};
			name = Release;
		};
		67380C5621AB880200288291 /* Debug */ = {
			isa = XCBuildConfiguration;
			buildSettings = {
				ALWAYS_EMBED_SWIFT_STANDARD_LIBRARIES = YES;
				ASSETCATALOG_COMPILER_APPICON_NAME = AppIcon;
				CODE_SIGN_STYLE = Automatic;
				INFOPLIST_FILE = TodoList/Info.plist;
				LD_RUNPATH_SEARCH_PATHS = (
					"$(inherited)",
					"@executable_path/Frameworks",
				);
				PRODUCT_BUNDLE_IDENTIFIER = gaofeng.TodoList;
				PRODUCT_NAME = "$(TARGET_NAME)";
				SWIFT_VERSION = 4.2;
				TARGETED_DEVICE_FAMILY = "1,2";
			};
			name = Debug;
		};
		67380C5721AB880200288291 /* Release */ = {
			isa = XCBuildConfiguration;
			buildSettings = {
				ALWAYS_EMBED_SWIFT_STANDARD_LIBRARIES = YES;
				ASSETCATALOG_COMPILER_APPICON_NAME = AppIcon;
				CODE_SIGN_STYLE = Automatic;
				INFOPLIST_FILE = TodoList/Info.plist;
				LD_RUNPATH_SEARCH_PATHS = (
					"$(inherited)",
					"@executable_path/Frameworks",
				);
				PRODUCT_BUNDLE_IDENTIFIER = gaofeng.TodoList;
				PRODUCT_NAME = "$(TARGET_NAME)";
				SWIFT_VERSION = 4.2;
				TARGETED_DEVICE_FAMILY = "1,2";
			};
			name = Release;
		};
		67380C5921AB880200288291 /* Debug */ = {
			isa = XCBuildConfiguration;
			buildSettings = {
				ALWAYS_EMBED_SWIFT_STANDARD_LIBRARIES = YES;
				BUNDLE_LOADER = "$(TEST_HOST)";
				CODE_SIGN_STYLE = Automatic;
				INFOPLIST_FILE = TodoListTests/Info.plist;
				LD_RUNPATH_SEARCH_PATHS = (
					"$(inherited)",
					"@executable_path/Frameworks",
					"@loader_path/Frameworks",
				);
				PRODUCT_BUNDLE_IDENTIFIER = gaofeng.TodoListTests;
				PRODUCT_NAME = "$(TARGET_NAME)";
				SWIFT_VERSION = 4.2;
				TARGETED_DEVICE_FAMILY = "1,2";
				TEST_HOST = "$(BUILT_PRODUCTS_DIR)/TodoList.app/TodoList";
			};
			name = Debug;
		};
		67380C5A21AB880200288291 /* Release */ = {
			isa = XCBuildConfiguration;
			buildSettings = {
				ALWAYS_EMBED_SWIFT_STANDARD_LIBRARIES = YES;
				BUNDLE_LOADER = "$(TEST_HOST)";
				CODE_SIGN_STYLE = Automatic;
				INFOPLIST_FILE = TodoListTests/Info.plist;
				LD_RUNPATH_SEARCH_PATHS = (
					"$(inherited)",
					"@executable_path/Frameworks",
					"@loader_path/Frameworks",
				);
				PRODUCT_BUNDLE_IDENTIFIER = gaofeng.TodoListTests;
				PRODUCT_NAME = "$(TARGET_NAME)";
				SWIFT_VERSION = 4.2;
				TARGETED_DEVICE_FAMILY = "1,2";
				TEST_HOST = "$(BUILT_PRODUCTS_DIR)/TodoList.app/TodoList";
			};
			name = Release;
		};
		67380C5C21AB880200288291 /* Debug */ = {
			isa = XCBuildConfiguration;
			buildSettings = {
				ALWAYS_EMBED_SWIFT_STANDARD_LIBRARIES = YES;
				CODE_SIGN_STYLE = Automatic;
				INFOPLIST_FILE = TodoListUITests/Info.plist;
				LD_RUNPATH_SEARCH_PATHS = (
					"$(inherited)",
					"@executable_path/Frameworks",
					"@loader_path/Frameworks",
				);
				PRODUCT_BUNDLE_IDENTIFIER = gaofeng.TodoListUITests;
				PRODUCT_NAME = "$(TARGET_NAME)";
				SWIFT_VERSION = 4.2;
				TARGETED_DEVICE_FAMILY = "1,2";
				TEST_TARGET_NAME = TodoList;
			};
			name = Debug;
		};
		67380C5D21AB880200288291 /* Release */ = {
			isa = XCBuildConfiguration;
			buildSettings = {
				ALWAYS_EMBED_SWIFT_STANDARD_LIBRARIES = YES;
				CODE_SIGN_STYLE = Automatic;
				INFOPLIST_FILE = TodoListUITests/Info.plist;
				LD_RUNPATH_SEARCH_PATHS = (
					"$(inherited)",
					"@executable_path/Frameworks",
					"@loader_path/Frameworks",
				);
				PRODUCT_BUNDLE_IDENTIFIER = gaofeng.TodoListUITests;
				PRODUCT_NAME = "$(TARGET_NAME)";
				SWIFT_VERSION = 4.2;
				TARGETED_DEVICE_FAMILY = "1,2";
				TEST_TARGET_NAME = TodoList;
			};
			name = Release;
		};
/* End XCBuildConfiguration section */

/* Begin XCConfigurationList section */
		67380C2821AB880000288291 /* Build configuration list for PBXProject "TodoList" */ = {
			isa = XCConfigurationList;
			buildConfigurations = (
				67380C5321AB880200288291 /* Debug */,
				67380C5421AB880200288291 /* Release */,
			);
			defaultConfigurationIsVisible = 0;
			defaultConfigurationName = Release;
		};
		67380C5521AB880200288291 /* Build configuration list for PBXNativeTarget "TodoList" */ = {
			isa = XCConfigurationList;
			buildConfigurations = (
				67380C5621AB880200288291 /* Debug */,
				67380C5721AB880200288291 /* Release */,
			);
			defaultConfigurationIsVisible = 0;
			defaultConfigurationName = Release;
		};
		67380C5821AB880200288291 /* Build configuration list for PBXNativeTarget "TodoListTests" */ = {
			isa = XCConfigurationList;
			buildConfigurations = (
				67380C5921AB880200288291 /* Debug */,
				67380C5A21AB880200288291 /* Release */,
			);
			defaultConfigurationIsVisible = 0;
			defaultConfigurationName = Release;
		};
		67380C5B21AB880200288291 /* Build configuration list for PBXNativeTarget "TodoListUITests" */ = {
			isa = XCConfigurationList;
			buildConfigurations = (
				67380C5C21AB880200288291 /* Debug */,
				67380C5D21AB880200288291 /* Release */,
			);
			defaultConfigurationIsVisible = 0;
			defaultConfigurationName = Release;
		};
/* End XCConfigurationList section */

/* Begin XCVersionGroup section */
		4C0DB9BE21AE69D600289EB9 /* Model.xcdatamodeld */ = {
			isa = XCVersionGroup;
			children = (
				4C0DB9BF21AE69D600289EB9 /* Model.xcdatamodel */,
			);
			currentVersion = 4C0DB9BF21AE69D600289EB9 /* Model.xcdatamodel */;
			path = Model.xcdatamodeld;
			sourceTree = "<group>";
			versionGroupType = wrapper.xcdatamodel;
		};
/* End XCVersionGroup section */
	};
	rootObject = 67380C2521AB880000288291 /* Project object */;
}
